Microsoft Visual Studio Solution File, Format Version 11.00
# Visual Studio 2010
Project("{EBDCBDE0-F08A-420C-83BB-CACD10B1DB4E}") = "static-sql", ".dub/static-sql.visualdproj", "{D7079ED3-9F49-4485-8BB2-A48215D83471}"
	ProjectSection(ProjectDependencies) = postProject
		{1D7D9496-CCDA-45F3-B71F-C2135D7F785C} = {1D7D9496-CCDA-45F3-B71F-C2135D7F785C}
		{222ECAD9-96E7-4657-B697-C3E875403B9B} = {222ECAD9-96E7-4657-B697-C3E875403B9B}
		{04EF3CEF-7D2B-4D43-94AE-1E44FDC6D0DE} = {04EF3CEF-7D2B-4D43-94AE-1E44FDC6D0DE}
		{B43A0F7A-EB82-4A64-9B0B-AA5B3A1F7511} = {B43A0F7A-EB82-4A64-9B0B-AA5B3A1F7511}
		{DE3CD0B7-E2E3-4B33-AFA4-327EAC144BD4} = {DE3CD0B7-E2E3-4B33-AFA4-327EAC144BD4}
		{755F1BC5-A56C-46F9-A125-211A2E59FBE6} = {755F1BC5-A56C-46F9-A125-211A2E59FBE6}
		{4B74CB62-ABAA-4FFA-B30C-382135E1137A} = {4B74CB62-ABAA-4FFA-B30C-382135E1137A}
		{2D0ADBB9-B8ED-466F-939B-C07925FBC0C6} = {2D0ADBB9-B8ED-466F-939B-C07925FBC0C6}
		{2D0ADBB9-B8ED-466F-939B-C07925FBC0C6} = {2D0ADBB9-B8ED-466F-939B-C07925FBC0C6}
		{F701A658-9D47-4655-8BB5-9E183C797110} = {F701A658-9D47-4655-8BB5-9E183C797110}
		{C2DFBE9C-B980-4C86-B817-9D2E365C2BB6} = {C2DFBE9C-B980-4C86-B817-9D2E365C2BB6}
		{090AE67A-989A-4F39-9ACB-6ACDED9D2F08} = {090AE67A-989A-4F39-9ACB-6ACDED9D2F08}
		{090AE67A-989A-4F39-9ACB-6ACDED9D2F08} = {090AE67A-989A-4F39-9ACB-6ACDED9D2F08}
		{0E8B4D94-B7FA-47A9-A655-EAA0CECACCBD} = {0E8B4D94-B7FA-47A9-A655-EAA0CECACCBD}
		{9309295E-1582-4FE6-A121-A8231FAB1DD9} = {9309295E-1582-4FE6-A121-A8231FAB1DD9}
	EndProjectSection
EndProject
Project("{EBDCBDE0-F08A-420C-83BB-CACD10B1DB4E}") = "mysql-lited", ".dub/mysql-lited.visualdproj", "{1D7D9496-CCDA-45F3-B71F-C2135D7F785C}"
EndProject
Project("{EBDCBDE0-F08A-420C-83BB-CACD10B1DB4E}") = "vibe-d", ".dub/vibe-d.visualdproj", "{222ECAD9-96E7-4657-B697-C3E875403B9B}"
EndProject
Project("{EBDCBDE0-F08A-420C-83BB-CACD10B1DB4E}") = "vibe-d:core", ".dub/vibe-d_core.visualdproj", "{C2DFBE9C-B980-4C86-B817-9D2E365C2BB6}"
EndProject
Project("{EBDCBDE0-F08A-420C-83BB-CACD10B1DB4E}") = "vibe-d:data", ".dub/vibe-d_data.visualdproj", "{090AE67A-989A-4F39-9ACB-6ACDED9D2F08}"
EndProject
Project("{EBDCBDE0-F08A-420C-83BB-CACD10B1DB4E}") = "vibe-d:utils", ".dub/vibe-d_utils.visualdproj", "{0E8B4D94-B7FA-47A9-A655-EAA0CECACCBD}"
EndProject
Project("{EBDCBDE0-F08A-420C-83BB-CACD10B1DB4E}") = "vibe-d:diet", ".dub/vibe-d_diet.visualdproj", "{4B74CB62-ABAA-4FFA-B30C-382135E1137A}"
EndProject
Project("{EBDCBDE0-F08A-420C-83BB-CACD10B1DB4E}") = "vibe-d:http", ".dub/vibe-d_http.visualdproj", "{2D0ADBB9-B8ED-466F-939B-C07925FBC0C6}"
EndProject
Project("{EBDCBDE0-F08A-420C-83BB-CACD10B1DB4E}") = "diet-ng", ".dub/diet-ng.visualdproj", "{F701A658-9D47-4655-8BB5-9E183C797110}"
EndProject
Project("{EBDCBDE0-F08A-420C-83BB-CACD10B1DB4E}") = "vibe-d:mail", ".dub/vibe-d_mail.visualdproj", "{04EF3CEF-7D2B-4D43-94AE-1E44FDC6D0DE}"
EndProject
Project("{EBDCBDE0-F08A-420C-83BB-CACD10B1DB4E}") = "vibe-d:mongodb", ".dub/vibe-d_mongodb.visualdproj", "{B43A0F7A-EB82-4A64-9B0B-AA5B3A1F7511}"
EndProject
Project("{EBDCBDE0-F08A-420C-83BB-CACD10B1DB4E}") = "vibe-d:redis", ".dub/vibe-d_redis.visualdproj", "{DE3CD0B7-E2E3-4B33-AFA4-327EAC144BD4}"
EndProject
Project("{EBDCBDE0-F08A-420C-83BB-CACD10B1DB4E}") = "vibe-d:web", ".dub/vibe-d_web.visualdproj", "{755F1BC5-A56C-46F9-A125-211A2E59FBE6}"
EndProject
Project("{EBDCBDE0-F08A-420C-83BB-CACD10B1DB4E}") = "pegged", ".dub/pegged.visualdproj", "{9309295E-1582-4FE6-A121-A8231FAB1DD9}"
EndProject
Global
	GlobalSection(SolutionConfigurationPlatforms) = preSolution
		debug|Win32 = debug|Win32
	EndGlobalSection
	GlobalSection(ProjectConfigurationPlatforms) = postSolution
		{9309295E-1582-4FE6-A121-A8231FAB1DD9}.debug|Win32.ActiveCfg = debug|Win32
		{9309295E-1582-4FE6-A121-A8231FAB1DD9}.debug|Win32.Build.0 = debug|Win32
		{F701A658-9D47-4655-8BB5-9E183C797110}.debug|Win32.ActiveCfg = debug|Win32
		{F701A658-9D47-4655-8BB5-9E183C797110}.debug|Win32.Build.0 = debug|Win32
		{0E8B4D94-B7FA-47A9-A655-EAA0CECACCBD}.debug|Win32.ActiveCfg = debug|Win32
		{0E8B4D94-B7FA-47A9-A655-EAA0CECACCBD}.debug|Win32.Build.0 = debug|Win32
		{2D0ADBB9-B8ED-466F-939B-C07925FBC0C6}.debug|Win32.ActiveCfg = debug|Win32
		{2D0ADBB9-B8ED-466F-939B-C07925FBC0C6}.debug|Win32.Build.0 = debug|Win32
		{04EF3CEF-7D2B-4D43-94AE-1E44FDC6D0DE}.debug|Win32.ActiveCfg = debug|Win32
		{04EF3CEF-7D2B-4D43-94AE-1E44FDC6D0DE}.debug|Win32.Build.0 = debug|Win32
		{755F1BC5-A56C-46F9-A125-211A2E59FBE6}.debug|Win32.ActiveCfg = debug|Win32
		{755F1BC5-A56C-46F9-A125-211A2E59FBE6}.debug|Win32.Build.0 = debug|Win32
		{222ECAD9-96E7-4657-B697-C3E875403B9B}.debug|Win32.ActiveCfg = debug|Win32
		{222ECAD9-96E7-4657-B697-C3E875403B9B}.debug|Win32.Build.0 = debug|Win32
		{DE3CD0B7-E2E3-4B33-AFA4-327EAC144BD4}.debug|Win32.ActiveCfg = debug|Win32
		{DE3CD0B7-E2E3-4B33-AFA4-327EAC144BD4}.debug|Win32.Build.0 = debug|Win32
		{1D7D9496-CCDA-45F3-B71F-C2135D7F785C}.debug|Win32.ActiveCfg = debug|Win32
		{1D7D9496-CCDA-45F3-B71F-C2135D7F785C}.debug|Win32.Build.0 = debug|Win32
		{090AE67A-989A-4F39-9ACB-6ACDED9D2F08}.debug|Win32.ActiveCfg = debug|Win32
		{090AE67A-989A-4F39-9ACB-6ACDED9D2F08}.debug|Win32.Build.0 = debug|Win32
		{C2DFBE9C-B980-4C86-B817-9D2E365C2BB6}.debug|Win32.ActiveCfg = debug|Win32
		{C2DFBE9C-B980-4C86-B817-9D2E365C2BB6}.debug|Win32.Build.0 = debug|Win32
		{D7079ED3-9F49-4485-8BB2-A48215D83471}.debug|Win32.ActiveCfg = debug|Win32
		{D7079ED3-9F49-4485-8BB2-A48215D83471}.debug|Win32.Build.0 = debug|Win32
		{B43A0F7A-EB82-4A64-9B0B-AA5B3A1F7511}.debug|Win32.ActiveCfg = debug|Win32
		{B43A0F7A-EB82-4A64-9B0B-AA5B3A1F7511}.debug|Win32.Build.0 = debug|Win32
		{4B74CB62-ABAA-4FFA-B30C-382135E1137A}.debug|Win32.ActiveCfg = debug|Win32
		{4B74CB62-ABAA-4FFA-B30C-382135E1137A}.debug|Win32.Build.0 = debug|Win32
	EndGlobalSection
	GlobalSection(SolutionProperties) = preSolution
		HideSolutionNode = FALSE
	EndGlobalSection
EndGlobal
